
Microsoft Visual Studio Solution File, Format Version 12.00
# Visual Studio Version 17
VisualStudioVersion = 17.7.34024.191
MinimumVisualStudioVersion = 10.0.40219.1
Project("{FAE04EC0-301F-11D3-BF4B-00C04F79EFBC}") = "WPF_PBKK_B_Javier Nararya A S_5025211245", "WPF_PBKK_B_Javier Nararya A S_5025211245.csproj", "{1391B8E7-DCA0-4F95-A0EA-3BECE3CDE330}"
EndProject
Global
	GlobalSection(SolutionConfigurationPlatforms) = preSolution
		Debug|Any CPU = Debug|Any CPU
		Release|Any CPU = Release|Any CPU
	EndGlobalSection
	GlobalSection(ProjectConfigurationPlatforms) = postSolution
		{1391B8E7-DCA0-4F95-A0EA-3BECE3CDE330}.Debug|Any CPU.ActiveCfg = Debug|Any CPU
		{1391B8E7-DCA0-4F95-A0EA-3BECE3CDE330}.Debug|Any CPU.Build.0 = Debug|Any CPU
		{1391B8E7-DCA0-4F95-A0EA-3BECE3CDE330}.Release|Any CPU.ActiveCfg = Release|Any CPU
		{1391B8E7-DCA0-4F95-A0EA-3BECE3CDE330}.Release|Any CPU.Build.0 = Release|Any CPU
	EndGlobalSection
	GlobalSection(SolutionProperties) = preSolution
		HideSolutionNode = FALSE
	EndGlobalSection
	GlobalSection(ExtensibilityGlobals) = postSolution
		SolutionGuid = {328FA900-4950-42EB-9CD2-DBFA4D2C7BF0}
	EndGlobalSection
EndGlobal
